
Microsoft Visual Studio Solution File, Format Version 12.00
# Visual Studio 15
VisualStudioVersion = 15.0.28307.271
MinimumVisualStudioVersion = 10.0.40219.1
Project("{FAE04EC0-301F-11D3-BF4B-00C04F79EFBC}") = "AplicacaoTeste", "AplicacaoTeste\AplicacaoTeste.csproj", "{46EC4649-AF56-4C9C-8B71-AD2ED68C0972}"
EndProject
Global
	GlobalSection(SolutionConfigurationPlatforms) = preSolution
		Debug|Any CPU = Debug|Any CPU
		Release|Any CPU = Release|Any CPU
	EndGlobalSection
	GlobalSection(ProjectConfigurationPlatforms) = postSolution
		{46EC4649-AF56-4C9C-8B71-AD2ED68C0972}.Debug|Any CPU.ActiveCfg = Debug|Any CPU
		{46EC4649-AF56-4C9C-8B71-AD2ED68C0972}.Debug|Any CPU.Build.0 = Debug|Any CPU
		{46EC4649-AF56-4C9C-8B71-AD2ED68C0972}.Release|Any CPU.ActiveCfg = Release|Any CPU
		{46EC4649-AF56-4C9C-8B71-AD2ED68C0972}.Release|Any CPU.Build.0 = Release|Any CPU
	EndGlobalSection
	GlobalSection(SolutionProperties) = preSolution
		HideSolutionNode = FALSE
	EndGlobalSection
	GlobalSection(ExtensibilityGlobals) = postSolution
		SolutionGuid = {5A38C019-B21B-4F2F-9538-A99AB1770D44}
	EndGlobalSection
EndGlobal
